
Microsoft Visual Studio Solution File, Format Version 12.00
# Visual Studio 14
VisualStudioVersion = 14.0.25420.1
MinimumVisualStudioVersion = 10.0.40219.1
Project("{FAE04EC0-301F-11D3-BF4B-00C04F79EFBC}") = "EventImplementation", "EventImplementation\EventImplementation.csproj", "{E2111383-B7C0-4950-883E-168D6EEE9424}"
EndProject
Project("{FAE04EC0-301F-11D3-BF4B-00C04F79EFBC}") = "EventImmplementationToMyWay", "EventImmplementationToMyWay\EventImmplementationToMyWay.csproj", "{2598EC76-4BAA-4FC4-9E5F-DC5E340516A4}"
EndProject
Project("{FAE04EC0-301F-11D3-BF4B-00C04F79EFBC}") = "KingsGambit", "KingsGambit\KingsGambit.csproj", "{A11D3804-5CE7-4110-9584-E9BB72244D70}"
EndProject
Project("{FAE04EC0-301F-11D3-BF4B-00C04F79EFBC}") = "DependencyInversion", "DependencyInversion\DependencyInversion.csproj", "{531AC2A8-DB61-44C7-9E4F-366BC86F4744}"
EndProject
Global
	GlobalSection(SolutionConfigurationPlatforms) = preSolution
		Debug|Any CPU = Debug|Any CPU
		Release|Any CPU = Release|Any CPU
	EndGlobalSection
	GlobalSection(ProjectConfigurationPlatforms) = postSolution
		{E2111383-B7C0-4950-883E-168D6EEE9424}.Debug|Any CPU.ActiveCfg = Debug|Any CPU
		{E2111383-B7C0-4950-883E-168D6EEE9424}.Debug|Any CPU.Build.0 = Debug|Any CPU
		{E2111383-B7C0-4950-883E-168D6EEE9424}.Release|Any CPU.ActiveCfg = Release|Any CPU
		{E2111383-B7C0-4950-883E-168D6EEE9424}.Release|Any CPU.Build.0 = Release|Any CPU
		{2598EC76-4BAA-4FC4-9E5F-DC5E340516A4}.Debug|Any CPU.ActiveCfg = Debug|Any CPU
		{2598EC76-4BAA-4FC4-9E5F-DC5E340516A4}.Debug|Any CPU.Build.0 = Debug|Any CPU
		{2598EC76-4BAA-4FC4-9E5F-DC5E340516A4}.Release|Any CPU.ActiveCfg = Release|Any CPU
		{2598EC76-4BAA-4FC4-9E5F-DC5E340516A4}.Release|Any CPU.Build.0 = Release|Any CPU
		{A11D3804-5CE7-4110-9584-E9BB72244D70}.Debug|Any CPU.ActiveCfg = Debug|Any CPU
		{A11D3804-5CE7-4110-9584-E9BB72244D70}.Debug|Any CPU.Build.0 = Debug|Any CPU
		{A11D3804-5CE7-4110-9584-E9BB72244D70}.Release|Any CPU.ActiveCfg = Release|Any CPU
		{A11D3804-5CE7-4110-9584-E9BB72244D70}.Release|Any CPU.Build.0 = Release|Any CPU
		{531AC2A8-DB61-44C7-9E4F-366BC86F4744}.Debug|Any CPU.ActiveCfg = Debug|Any CPU
		{531AC2A8-DB61-44C7-9E4F-366BC86F4744}.Debug|Any CPU.Build.0 = Debug|Any CPU
		{531AC2A8-DB61-44C7-9E4F-366BC86F4744}.Release|Any CPU.ActiveCfg = Release|Any CPU
		{531AC2A8-DB61-44C7-9E4F-366BC86F4744}.Release|Any CPU.Build.0 = Release|Any CPU
	EndGlobalSection
	GlobalSection(SolutionProperties) = preSolution
		HideSolutionNode = FALSE
	EndGlobalSection
EndGlobal
