
Microsoft Visual Studio Solution File, Format Version 12.00
# Visual Studio 14
VisualStudioVersion = 14.0.25420.1
MinimumVisualStudioVersion = 10.0.40219.1
Project("{FAE04EC0-301F-11D3-BF4B-00C04F79EFBC}") = "CardSuit", "CardSuit\CardSuit.csproj", "{1ABF7D90-0AD3-4107-9294-0633B0B4130C}"
EndProject
Project("{FAE04EC0-301F-11D3-BF4B-00C04F79EFBC}") = "CardRanks", "CardRanks\CardRanks.csproj", "{C778A359-E2E8-4991-ACC1-758A522B864B}"
EndProject
Project("{FAE04EC0-301F-11D3-BF4B-00C04F79EFBC}") = "CardPower", "CardPower\CardPower.csproj", "{3C78596F-BECD-4C36-A4F3-A41249244406}"
EndProject
Project("{FAE04EC0-301F-11D3-BF4B-00C04F79EFBC}") = "CustomEnumAttribute", "CustomEnumAttribute\CustomEnumAttribute.csproj", "{A0A7751C-8C80-499B-B924-E4CB15DDF038}"
EndProject
Project("{FAE04EC0-301F-11D3-BF4B-00C04F79EFBC}") = "DeckOfCards", "DeckOfCards\DeckOfCards.csproj", "{B5FE610C-7E11-46A2-914A-CE6193247492}"
EndProject
Project("{FAE04EC0-301F-11D3-BF4B-00C04F79EFBC}") = "CardGame", "CardGame\CardGame.csproj", "{801C8B0C-28F2-44BD-BC63-E4ADD618D186}"
EndProject
Project("{FAE04EC0-301F-11D3-BF4B-00C04F79EFBC}") = "TrafficLights", "TrafficLights\TrafficLights.csproj", "{C417A4DA-967C-461D-8B18-D43FB8904B92}"
EndProject
Global
	GlobalSection(SolutionConfigurationPlatforms) = preSolution
		Debug|Any CPU = Debug|Any CPU
		Release|Any CPU = Release|Any CPU
	EndGlobalSection
	GlobalSection(ProjectConfigurationPlatforms) = postSolution
		{1ABF7D90-0AD3-4107-9294-0633B0B4130C}.Debug|Any CPU.ActiveCfg = Debug|Any CPU
		{1ABF7D90-0AD3-4107-9294-0633B0B4130C}.Debug|Any CPU.Build.0 = Debug|Any CPU
		{1ABF7D90-0AD3-4107-9294-0633B0B4130C}.Release|Any CPU.ActiveCfg = Release|Any CPU
		{1ABF7D90-0AD3-4107-9294-0633B0B4130C}.Release|Any CPU.Build.0 = Release|Any CPU
		{C778A359-E2E8-4991-ACC1-758A522B864B}.Debug|Any CPU.ActiveCfg = Debug|Any CPU
		{C778A359-E2E8-4991-ACC1-758A522B864B}.Debug|Any CPU.Build.0 = Debug|Any CPU
		{C778A359-E2E8-4991-ACC1-758A522B864B}.Release|Any CPU.ActiveCfg = Release|Any CPU
		{C778A359-E2E8-4991-ACC1-758A522B864B}.Release|Any CPU.Build.0 = Release|Any CPU
		{3C78596F-BECD-4C36-A4F3-A41249244406}.Debug|Any CPU.ActiveCfg = Debug|Any CPU
		{3C78596F-BECD-4C36-A4F3-A41249244406}.Debug|Any CPU.Build.0 = Debug|Any CPU
		{3C78596F-BECD-4C36-A4F3-A41249244406}.Release|Any CPU.ActiveCfg = Release|Any CPU
		{3C78596F-BECD-4C36-A4F3-A41249244406}.Release|Any CPU.Build.0 = Release|Any CPU
		{A0A7751C-8C80-499B-B924-E4CB15DDF038}.Debug|Any CPU.ActiveCfg = Debug|Any CPU
		{A0A7751C-8C80-499B-B924-E4CB15DDF038}.Debug|Any CPU.Build.0 = Debug|Any CPU
		{A0A7751C-8C80-499B-B924-E4CB15DDF038}.Release|Any CPU.ActiveCfg = Release|Any CPU
		{A0A7751C-8C80-499B-B924-E4CB15DDF038}.Release|Any CPU.Build.0 = Release|Any CPU
		{B5FE610C-7E11-46A2-914A-CE6193247492}.Debug|Any CPU.ActiveCfg = Debug|Any CPU
		{B5FE610C-7E11-46A2-914A-CE6193247492}.Debug|Any CPU.Build.0 = Debug|Any CPU
		{B5FE610C-7E11-46A2-914A-CE6193247492}.Release|Any CPU.ActiveCfg = Release|Any CPU
		{B5FE610C-7E11-46A2-914A-CE6193247492}.Release|Any CPU.Build.0 = Release|Any CPU
		{801C8B0C-28F2-44BD-BC63-E4ADD618D186}.Debug|Any CPU.ActiveCfg = Debug|Any CPU
		{801C8B0C-28F2-44BD-BC63-E4ADD618D186}.Debug|Any CPU.Build.0 = Debug|Any CPU
		{801C8B0C-28F2-44BD-BC63-E4ADD618D186}.Release|Any CPU.ActiveCfg = Release|Any CPU
		{801C8B0C-28F2-44BD-BC63-E4ADD618D186}.Release|Any CPU.Build.0 = Release|Any CPU
		{C417A4DA-967C-461D-8B18-D43FB8904B92}.Debug|Any CPU.ActiveCfg = Debug|Any CPU
		{C417A4DA-967C-461D-8B18-D43FB8904B92}.Debug|Any CPU.Build.0 = Debug|Any CPU
		{C417A4DA-967C-461D-8B18-D43FB8904B92}.Release|Any CPU.ActiveCfg = Release|Any CPU
		{C417A4DA-967C-461D-8B18-D43FB8904B92}.Release|Any CPU.Build.0 = Release|Any CPU
	EndGlobalSection
	GlobalSection(SolutionProperties) = preSolution
		HideSolutionNode = FALSE
	EndGlobalSection
EndGlobal
