
Microsoft Visual Studio Solution File, Format Version 12.00
# Visual Studio 14
VisualStudioVersion = 14.0.25420.1
MinimumVisualStudioVersion = 10.0.40219.1
Project("{FAE04EC0-301F-11D3-BF4B-00C04F79EFBC}") = "HarvestingFields", "HarvestingFields\HarvestingFields.csproj", "{18394A5B-0223-4FC3-B644-7B87336E0E53}"
EndProject
Project("{FAE04EC0-301F-11D3-BF4B-00C04F79EFBC}") = "BlackBoxInteger", "BlackBoxInteger\BlackBoxInteger.csproj", "{2F132AEF-080D-47B1-BC85-5F98FA1292AE}"
EndProject
Project("{FAE04EC0-301F-11D3-BF4B-00C04F79EFBC}") = "03BarracksFactory", "C:\Users\rado_\Desktop\06. CSharp-OOP-Advanced-Reflection-Exercises-Skeleton\03BarracksFactory\03BarracksFactory.csproj", "{6B9565B7-DD7A-43D0-9F1F-F5DFB1EC09F3}"
EndProject
Global
	GlobalSection(SolutionConfigurationPlatforms) = preSolution
		Debug|Any CPU = Debug|Any CPU
		Release|Any CPU = Release|Any CPU
	EndGlobalSection
	GlobalSection(ProjectConfigurationPlatforms) = postSolution
		{18394A5B-0223-4FC3-B644-7B87336E0E53}.Debug|Any CPU.ActiveCfg = Debug|Any CPU
		{18394A5B-0223-4FC3-B644-7B87336E0E53}.Debug|Any CPU.Build.0 = Debug|Any CPU
		{18394A5B-0223-4FC3-B644-7B87336E0E53}.Release|Any CPU.ActiveCfg = Release|Any CPU
		{18394A5B-0223-4FC3-B644-7B87336E0E53}.Release|Any CPU.Build.0 = Release|Any CPU
		{2F132AEF-080D-47B1-BC85-5F98FA1292AE}.Debug|Any CPU.ActiveCfg = Debug|Any CPU
		{2F132AEF-080D-47B1-BC85-5F98FA1292AE}.Debug|Any CPU.Build.0 = Debug|Any CPU
		{2F132AEF-080D-47B1-BC85-5F98FA1292AE}.Release|Any CPU.ActiveCfg = Release|Any CPU
		{2F132AEF-080D-47B1-BC85-5F98FA1292AE}.Release|Any CPU.Build.0 = Release|Any CPU
		{6B9565B7-DD7A-43D0-9F1F-F5DFB1EC09F3}.Debug|Any CPU.ActiveCfg = Debug|Any CPU
		{6B9565B7-DD7A-43D0-9F1F-F5DFB1EC09F3}.Debug|Any CPU.Build.0 = Debug|Any CPU
		{6B9565B7-DD7A-43D0-9F1F-F5DFB1EC09F3}.Release|Any CPU.ActiveCfg = Release|Any CPU
		{6B9565B7-DD7A-43D0-9F1F-F5DFB1EC09F3}.Release|Any CPU.Build.0 = Release|Any CPU
	EndGlobalSection
	GlobalSection(SolutionProperties) = preSolution
		HideSolutionNode = FALSE
	EndGlobalSection
EndGlobal
